
Microsoft Visual Studio Solution File, Format Version 12.00
# Visual Studio Version 17
VisualStudioVersion = 17.14.36518.9 d17.14
MinimumVisualStudioVersion = 10.0.40219.1
Project("{FAE04EC0-301F-11D3-BF4B-00C04F79EFBC}") = "AcompañAR.Proyecto", "AcompañAR.Proyecto.csproj", "{79229057-14ED-8AB6-C185-89A429476419}"
EndProject
Global
	GlobalSection(SolutionConfigurationPlatforms) = preSolution
		Debug|Any CPU = Debug|Any CPU
		Release|Any CPU = Release|Any CPU
	EndGlobalSection
	GlobalSection(ProjectConfigurationPlatforms) = postSolution
		{79229057-14ED-8AB6-C185-89A429476419}.Debug|Any CPU.ActiveCfg = Debug|Any CPU
		{79229057-14ED-8AB6-C185-89A429476419}.Debug|Any CPU.Build.0 = Debug|Any CPU
		{79229057-14ED-8AB6-C185-89A429476419}.Release|Any CPU.ActiveCfg = Release|Any CPU
		{79229057-14ED-8AB6-C185-89A429476419}.Release|Any CPU.Build.0 = Release|Any CPU
	EndGlobalSection
	GlobalSection(SolutionProperties) = preSolution
		HideSolutionNode = FALSE
	EndGlobalSection
	GlobalSection(ExtensibilityGlobals) = postSolution
		SolutionGuid = {0BD496C9-FD79-48C6-A67D-42530F9B57A8}
	EndGlobalSection
EndGlobal
